{
  "requires": true,
  "lockfileVersion": 1,
  "dependencies": {
    "data-uri-to-buffer": {
      "version": "3.0.1",
      "resolved": "https://registry.npmmirror.com/data-uri-to-buffer/download/data-uri-to-buffer-3.0.1.tgz",
      "integrity": "sha1-WUuJc5OMW8LDMEZTV4U0GrxPNjY="
    },
    "fetch-blob": {
      "version": "3.1.2",
      "resolved": "https://registry.nlark.com/fetch-blob/download/fetch-blob-3.1.2.tgz",
      "integrity": "sha1-a8Q4Z184UezqUXWKyR9qHNG6yr0=",
      "requires": {
        "web-streams-polyfill": "^3.0.3"
      }
    },
    "node-fetch": {
      "version": "2.6.5",
      "resolved": "https://registry.npmmirror.com/node-fetch/download/node-fetch-2.6.5.tgz",
      "integrity": "sha1-QnNVN9fwgKfl94tsVJtxRr4XQv0=",
      "requires": {
        "whatwg-url": "^5.0.0"
      }
    },
    "node-fetch3": {
      "version": "npm:node-fetch@3.0.0",
      "resolved": "https://registry.npmmirror.com/node-fetch/download/node-fetch-3.0.0.tgz",
      "integrity": "sha1-edpxRqUgA28sX2ROSiYJXxfkEeo=",
      "requires": {
        "data-uri-to-buffer": "^3.0.1",
        "fetch-blob": "^3.1.2"
      }
    },
    "tr46": {
      "version": "0.0.3",
      "resolved": "https://registry.npmmirror.com/tr46/download/tr46-0.0.3.tgz?cache=0&sync_timestamp=1633302260375&other_urls=https%3A%2F%2Fregistry.npmmirror.com%2Ftr46%2Fdownload%2Ftr46-0.0.3.tgz",
      "integrity": "sha1-gYT9NH2snNwYWZLzpmIuFLnZq2o="
    },
    "web-streams-polyfill": {
      "version": "3.1.1",
      "resolved": "https://registry.nlark.com/web-streams-polyfill/download/web-streams-polyfill-3.1.1.tgz",
      "integrity": "sha1-FRby1OqPG9v+0V62XLLfhwmMg2Q="
    },
    "webidl-conversions": {
      "version": "3.0.1",
      "resolved": "https://registry.nlark.com/webidl-conversions/download/webidl-conversions-3.0.1.tgz?cache=0&sync_timestamp=1631409524428&other_urls=https%3A%2F%2Fregistry.nlark.com%2Fwebidl-conversions%2Fdownload%2Fwebidl-conversions-3.0.1.tgz",
      "integrity": "sha1-JFNCdeKnvGvnvIZhHMFq4KVlSHE="
    },
    "whatwg-url": {
      "version": "5.0.0",
      "resolved": "https://registry.npmmirror.com/whatwg-url/download/whatwg-url-5.0.0.tgz?cache=0&sync_timestamp=1633539357611&other_urls=https%3A%2F%2Fregistry.npmmirror.com%2Fwhatwg-url%2Fdownload%2Fwhatwg-url-5.0.0.tgz",
      "integrity": "sha1-lmRU6HZUYuN2RNNib2dCzotwll0=",
      "requires": {
        "tr46": "~0.0.3",
        "webidl-conversions": "^3.0.0"
      }
    }
  }
}
